{
  "version": 4,
  "terraform_version": "1.1.6",
  "serial": 78,
  "lineage": "redacted",
  "outputs": {},
  "resources": [
    {
      "mode": "managed",
      "type": "digitalocean_domain",
      "name": "redacted",
      "provider": "provider[\"registry.terraform.io/digitalocean/digitalocean\"]",
      "instances": [
        {
          "schema_version": 0,
          "attributes": {
            "id": "redacted1.in",
            "ip_address": null,
            "name": "redacted1.in",
            "ttl": 1800,
            "urn": "do:domain:redacted1.in"
          },
          "sensitive_attributes": [],
          "private": "redacted"
        }
      ]
    },
    {
      "mode": "managed",
      "type": "digitalocean_record",
      "name": "redacted-a",
      "provider": "provider[\"registry.terraform.io/digitalocean/digitalocean\"]",
      "instances": [
        {
          "schema_version": 0,
          "attributes": {
            "domain": "redacted1.in",
            "flags": 0,
            "fqdn": "redacted1.in",
            "id": "293927951",
            "name": "@",
            "port": 0,
            "priority": 0,
            "tag": "",
            "ttl": 1800,
            "type": "A",
            "value": "1.2.3.4",
            "weight": 0
          },
          "sensitive_attributes": [],
          "private": "redacted",
          "dependencies": ["digitalocean_domain.redacted"]
        }
      ]
    }
  ]
}
