{
  "version": 4,
  "terraform_version": "1.1.6",
  "serial": 302,
  "lineage": "redacted",
  "outputs": {},
  "resources": [
    {
      "mode": "managed",
      "type": "digitalocean_droplet",
      "name": "postgres",
      "provider": "provider[\"registry.terraform.io/digitalocean/digitalocean\"]",
      "instances": [
        {
          "schema_version": 1,
          "attributes": {
            "backups": false,
            "created_at": "2022-02-01T10:43:25Z",
            "disk": 50,
            "droplet_agent": null,
            "graceful_shutdown": true,
            "id": "redacted",
            "image": "ubuntu-20-04-x64",
            "ipv4_address": "1.2.3.4",
            "ipv4_address_private": "10.11.12.13",
            "ipv6": false,
            "ipv6_address": "",
            "locked": false,
            "memory": 2048,
            "monitoring": true,
            "name": "postgres",
            "price_hourly": 0.01488,
            "price_monthly": 10,
            "private_networking": true,
            "region": "sgp1",
            "resize_disk": true,
            "size": "s-1vcpu-2gb",
            "ssh_keys": ["redacted"],
            "status": "active",
            "tags": ["postgres", "redacted"],
            "urn": "do:droplet:redacted",
            "user_data": null,
            "vcpus": 1,
            "volume_ids": [],
            "vpc_uuid": "redacted"
          },
          "sensitive_attributes": [],
          "private": "",
          "dependencies": ["digitalocean_tag.redacted"]
        }
      ]
    },
    {
      "mode": "managed",
      "type": "digitalocean_droplet",
      "name": "redis",
      "provider": "provider[\"registry.terraform.io/digitalocean/digitalocean\"]",
      "instances": [
        {
          "schema_version": 1,
          "attributes": {
            "backups": false,
            "created_at": "2022-02-01T05:11:14Z",
            "disk": 50,
            "droplet_agent": null,
            "graceful_shutdown": true,
            "id": "redacted",
            "image": "ubuntu-20-04-x64",
            "ipv4_address": "1.2.3.5",
            "ipv4_address_private": "10.11.12.14",
            "ipv6": false,
            "ipv6_address": "",
            "locked": false,
            "memory": 2048,
            "monitoring": true,
            "name": "redis",
            "price_hourly": 0.01488,
            "price_monthly": 10,
            "private_networking": true,
            "region": "sgp1",
            "resize_disk": true,
            "size": "s-1vcpu-2gb",
            "ssh_keys": ["redacted"],
            "status": "active",
            "tags": ["redis", "vpc-redacted"],
            "urn": "do:droplet:redacted",
            "user_data": null,
            "vcpus": 1,
            "volume_ids": [],
            "vpc_uuid": "redacted"
          },
          "sensitive_attributes": [],
          "private": "redacted",
          "dependencies": ["digitalocean_tag.redis"]
        }
      ]
    },
    {
      "mode": "managed",
      "type": "digitalocean_droplet",
      "name": "skye",
      "provider": "provider[\"registry.terraform.io/digitalocean/digitalocean\"]",
      "instances": [
        {
          "schema_version": 1,
          "attributes": {
            "backups": false,
            "created_at": "2022-02-11T01:52:17Z",
            "disk": 50,
            "droplet_agent": true,
            "graceful_shutdown": true,
            "id": "redacted",
            "image": "ubuntu-20-04-x64",
            "ipv4_address": "1.2.3.6",
            "ipv4_address_private": "10.11.12.15",
            "ipv6": false,
            "ipv6_address": "",
            "locked": false,
            "memory": 2048,
            "monitoring": true,
            "name": "skye",
            "price_hourly": 0.01488,
            "price_monthly": 10,
            "private_networking": true,
            "region": "sgp1",
            "resize_disk": true,
            "size": "s-1vcpu-2gb",
            "ssh_keys": ["redacted"],
            "status": "active",
            "tags": ["nomad", "nomad-caddy"],
            "urn": "do:droplet:redacted",
            "user_data": null,
            "vcpus": 1,
            "volume_ids": [],
            "vpc_uuid": "redacted"
          },
          "sensitive_attributes": [],
          "private": "redacted",
          "dependencies": ["digitalocean_tag.nomad"]
        }
      ]
    }
  ]
}
